
Microsoft Visual Studio Solution File, Format Version 12.00
# Visual Studio Version 17
VisualStudioVersion = 17.5.002.0
MinimumVisualStudioVersion = 10.0.40219.1
Project("{2150E333-8FDC-42A3-9474-1A3956D46DE8}") = "semana1", "semana1", "{35883B78-DCBC-4E13-9A85-4D7D9AD7DC66}"
EndProject
Project("{9A19103F-16F7-4668-BE54-9A1E7A4F7556}") = "MeuPrimeiroProjeto", "semana1\MeuPrimeiroProjeto\MeuPrimeiroProjeto.csproj", "{0729CF44-E560-4358-965F-D4248D003A6B}"
EndProject
Project("{9A19103F-16F7-4668-BE54-9A1E7A4F7556}") = "P001", "semana1\P001\P001.csproj", "{F27063DB-4C7B-4CBB-8A40-75D9EA2187BA}"
EndProject
Project("{2150E333-8FDC-42A3-9474-1A3956D46DE8}") = "semana2", "semana2", "{B17CF73C-1BB8-476F-863C-0EEE75484A48}"
EndProject
Project("{9A19103F-16F7-4668-BE54-9A1E7A4F7556}") = "data", "semana2\data\data.csproj", "{0686A6B3-DA33-4297-9111-94B25A0753E2}"
EndProject
Project("{9A19103F-16F7-4668-BE54-9A1E7A4F7556}") = "exercicio1", "semana2\exercicio1\exercicio1.csproj", "{E27FFDBA-9743-4874-8273-DBC13EB693E4}"
EndProject
Project("{9A19103F-16F7-4668-BE54-9A1E7A4F7556}") = "P002", "semana2\P002\P002.csproj", "{92DEECE2-060C-478B-8D30-05D62BFC3140}"
EndProject
Project("{2150E333-8FDC-42A3-9474-1A3956D46DE8}") = "semana3", "semana3", "{215E245D-C556-4DF7-9144-64C0551C3939}"
EndProject
Project("{9A19103F-16F7-4668-BE54-9A1E7A4F7556}") = "exercicios", "semana3\exercicios\exercicios.csproj", "{FF7145F3-23E5-4D27-8075-0FC6C39490BC}"
EndProject
Project("{9A19103F-16F7-4668-BE54-9A1E7A4F7556}") = "P003", "semana3\P003\P003.csproj", "{DB917798-867B-4D1E-ACAE-941F9ECDFADC}"
EndProject
Global
	GlobalSection(SolutionConfigurationPlatforms) = preSolution
		Debug|Any CPU = Debug|Any CPU
		Release|Any CPU = Release|Any CPU
	EndGlobalSection
	GlobalSection(ProjectConfigurationPlatforms) = postSolution
		{0729CF44-E560-4358-965F-D4248D003A6B}.Debug|Any CPU.ActiveCfg = Debug|Any CPU
		{0729CF44-E560-4358-965F-D4248D003A6B}.Debug|Any CPU.Build.0 = Debug|Any CPU
		{0729CF44-E560-4358-965F-D4248D003A6B}.Release|Any CPU.ActiveCfg = Release|Any CPU
		{0729CF44-E560-4358-965F-D4248D003A6B}.Release|Any CPU.Build.0 = Release|Any CPU
		{F27063DB-4C7B-4CBB-8A40-75D9EA2187BA}.Debug|Any CPU.ActiveCfg = Debug|Any CPU
		{F27063DB-4C7B-4CBB-8A40-75D9EA2187BA}.Debug|Any CPU.Build.0 = Debug|Any CPU
		{F27063DB-4C7B-4CBB-8A40-75D9EA2187BA}.Release|Any CPU.ActiveCfg = Release|Any CPU
		{F27063DB-4C7B-4CBB-8A40-75D9EA2187BA}.Release|Any CPU.Build.0 = Release|Any CPU
		{0686A6B3-DA33-4297-9111-94B25A0753E2}.Debug|Any CPU.ActiveCfg = Debug|Any CPU
		{0686A6B3-DA33-4297-9111-94B25A0753E2}.Debug|Any CPU.Build.0 = Debug|Any CPU
		{0686A6B3-DA33-4297-9111-94B25A0753E2}.Release|Any CPU.ActiveCfg = Release|Any CPU
		{0686A6B3-DA33-4297-9111-94B25A0753E2}.Release|Any CPU.Build.0 = Release|Any CPU
		{E27FFDBA-9743-4874-8273-DBC13EB693E4}.Debug|Any CPU.ActiveCfg = Debug|Any CPU
		{E27FFDBA-9743-4874-8273-DBC13EB693E4}.Debug|Any CPU.Build.0 = Debug|Any CPU
		{E27FFDBA-9743-4874-8273-DBC13EB693E4}.Release|Any CPU.ActiveCfg = Release|Any CPU
		{E27FFDBA-9743-4874-8273-DBC13EB693E4}.Release|Any CPU.Build.0 = Release|Any CPU
		{92DEECE2-060C-478B-8D30-05D62BFC3140}.Debug|Any CPU.ActiveCfg = Debug|Any CPU
		{92DEECE2-060C-478B-8D30-05D62BFC3140}.Debug|Any CPU.Build.0 = Debug|Any CPU
		{92DEECE2-060C-478B-8D30-05D62BFC3140}.Release|Any CPU.ActiveCfg = Release|Any CPU
		{92DEECE2-060C-478B-8D30-05D62BFC3140}.Release|Any CPU.Build.0 = Release|Any CPU
		{FF7145F3-23E5-4D27-8075-0FC6C39490BC}.Debug|Any CPU.ActiveCfg = Debug|Any CPU
		{FF7145F3-23E5-4D27-8075-0FC6C39490BC}.Debug|Any CPU.Build.0 = Debug|Any CPU
		{FF7145F3-23E5-4D27-8075-0FC6C39490BC}.Release|Any CPU.ActiveCfg = Release|Any CPU
		{FF7145F3-23E5-4D27-8075-0FC6C39490BC}.Release|Any CPU.Build.0 = Release|Any CPU
		{DB917798-867B-4D1E-ACAE-941F9ECDFADC}.Debug|Any CPU.ActiveCfg = Debug|Any CPU
		{DB917798-867B-4D1E-ACAE-941F9ECDFADC}.Debug|Any CPU.Build.0 = Debug|Any CPU
		{DB917798-867B-4D1E-ACAE-941F9ECDFADC}.Release|Any CPU.ActiveCfg = Release|Any CPU
		{DB917798-867B-4D1E-ACAE-941F9ECDFADC}.Release|Any CPU.Build.0 = Release|Any CPU
	EndGlobalSection
	GlobalSection(SolutionProperties) = preSolution
		HideSolutionNode = FALSE
	EndGlobalSection
	GlobalSection(NestedProjects) = preSolution
		{0729CF44-E560-4358-965F-D4248D003A6B} = {35883B78-DCBC-4E13-9A85-4D7D9AD7DC66}
		{F27063DB-4C7B-4CBB-8A40-75D9EA2187BA} = {35883B78-DCBC-4E13-9A85-4D7D9AD7DC66}
		{0686A6B3-DA33-4297-9111-94B25A0753E2} = {B17CF73C-1BB8-476F-863C-0EEE75484A48}
		{E27FFDBA-9743-4874-8273-DBC13EB693E4} = {B17CF73C-1BB8-476F-863C-0EEE75484A48}
		{92DEECE2-060C-478B-8D30-05D62BFC3140} = {B17CF73C-1BB8-476F-863C-0EEE75484A48}
		{FF7145F3-23E5-4D27-8075-0FC6C39490BC} = {215E245D-C556-4DF7-9144-64C0551C3939}
		{DB917798-867B-4D1E-ACAE-941F9ECDFADC} = {215E245D-C556-4DF7-9144-64C0551C3939}
	EndGlobalSection
	GlobalSection(ExtensibilityGlobals) = postSolution
		SolutionGuid = {17C0579A-1F66-4EC8-AC9D-0CA65E510676}
	EndGlobalSection
EndGlobal
