
Microsoft Visual Studio Solution File, Format Version 12.00
# Visual Studio Version 17
VisualStudioVersion = 17.5.002.0
MinimumVisualStudioVersion = 10.0.40219.1
Project("{9A19103F-16F7-4668-BE54-9A1E7A4F7556}") = "AvaliacaoDotNet", "AvaliacaoDotNet\AvaliacaoDotNet.csproj", "{0308223C-9E92-40FA-8DCE-465303264729}"
EndProject
Project("{2150E333-8FDC-42A3-9474-1A3956D46DE8}") = "semana1", "semana1", "{060E0ABF-3AC1-4F5A-962E-08342AE88DA6}"
EndProject
Project("{9A19103F-16F7-4668-BE54-9A1E7A4F7556}") = "MeuPrimeiroProjeto", "semana1\MeuPrimeiroProjeto\MeuPrimeiroProjeto.csproj", "{79C868BD-E53A-4E56-92C7-337731F22396}"
EndProject
Project("{9A19103F-16F7-4668-BE54-9A1E7A4F7556}") = "P001", "semana1\P001\P001.csproj", "{03556896-C386-4E18-B59D-C5358269F040}"
EndProject
Project("{2150E333-8FDC-42A3-9474-1A3956D46DE8}") = "semana2", "semana2", "{E58F9560-D256-4807-B4E3-390301768B97}"
EndProject
Project("{9A19103F-16F7-4668-BE54-9A1E7A4F7556}") = "data", "semana2\data\data.csproj", "{9322CA22-0CBD-4FA1-B5C4-FD168BE1408F}"
EndProject
Project("{9A19103F-16F7-4668-BE54-9A1E7A4F7556}") = "exercicio1", "semana2\exercicio1\exercicio1.csproj", "{2E9004F5-25BE-45FF-AF25-E0E0ADCF46CE}"
EndProject
Project("{9A19103F-16F7-4668-BE54-9A1E7A4F7556}") = "P002", "semana2\P002\P002.csproj", "{4373C631-2514-4517-BF60-9DBE76B0970E}"
EndProject
Project("{2150E333-8FDC-42A3-9474-1A3956D46DE8}") = "semana3", "semana3", "{F5555827-2867-4267-8273-E222FDC9C613}"
EndProject
Project("{9A19103F-16F7-4668-BE54-9A1E7A4F7556}") = "exercicios", "semana3\exercicios\exercicios.csproj", "{94DD057C-0044-44D0-B58C-3F97AB51B31F}"
EndProject
Project("{9A19103F-16F7-4668-BE54-9A1E7A4F7556}") = "P003", "semana3\P003\P003.csproj", "{CC3F4DAF-F815-4EFA-AC1E-4BC6A5BB4659}"
EndProject
Global
	GlobalSection(SolutionConfigurationPlatforms) = preSolution
		Debug|Any CPU = Debug|Any CPU
		Release|Any CPU = Release|Any CPU
	EndGlobalSection
	GlobalSection(ProjectConfigurationPlatforms) = postSolution
		{0308223C-9E92-40FA-8DCE-465303264729}.Debug|Any CPU.ActiveCfg = Debug|Any CPU
		{0308223C-9E92-40FA-8DCE-465303264729}.Debug|Any CPU.Build.0 = Debug|Any CPU
		{0308223C-9E92-40FA-8DCE-465303264729}.Release|Any CPU.ActiveCfg = Release|Any CPU
		{0308223C-9E92-40FA-8DCE-465303264729}.Release|Any CPU.Build.0 = Release|Any CPU
		{79C868BD-E53A-4E56-92C7-337731F22396}.Debug|Any CPU.ActiveCfg = Debug|Any CPU
		{79C868BD-E53A-4E56-92C7-337731F22396}.Debug|Any CPU.Build.0 = Debug|Any CPU
		{79C868BD-E53A-4E56-92C7-337731F22396}.Release|Any CPU.ActiveCfg = Release|Any CPU
		{79C868BD-E53A-4E56-92C7-337731F22396}.Release|Any CPU.Build.0 = Release|Any CPU
		{03556896-C386-4E18-B59D-C5358269F040}.Debug|Any CPU.ActiveCfg = Debug|Any CPU
		{03556896-C386-4E18-B59D-C5358269F040}.Debug|Any CPU.Build.0 = Debug|Any CPU
		{03556896-C386-4E18-B59D-C5358269F040}.Release|Any CPU.ActiveCfg = Release|Any CPU
		{03556896-C386-4E18-B59D-C5358269F040}.Release|Any CPU.Build.0 = Release|Any CPU
		{9322CA22-0CBD-4FA1-B5C4-FD168BE1408F}.Debug|Any CPU.ActiveCfg = Debug|Any CPU
		{9322CA22-0CBD-4FA1-B5C4-FD168BE1408F}.Debug|Any CPU.Build.0 = Debug|Any CPU
		{9322CA22-0CBD-4FA1-B5C4-FD168BE1408F}.Release|Any CPU.ActiveCfg = Release|Any CPU
		{9322CA22-0CBD-4FA1-B5C4-FD168BE1408F}.Release|Any CPU.Build.0 = Release|Any CPU
		{2E9004F5-25BE-45FF-AF25-E0E0ADCF46CE}.Debug|Any CPU.ActiveCfg = Debug|Any CPU
		{2E9004F5-25BE-45FF-AF25-E0E0ADCF46CE}.Debug|Any CPU.Build.0 = Debug|Any CPU
		{2E9004F5-25BE-45FF-AF25-E0E0ADCF46CE}.Release|Any CPU.ActiveCfg = Release|Any CPU
		{2E9004F5-25BE-45FF-AF25-E0E0ADCF46CE}.Release|Any CPU.Build.0 = Release|Any CPU
		{4373C631-2514-4517-BF60-9DBE76B0970E}.Debug|Any CPU.ActiveCfg = Debug|Any CPU
		{4373C631-2514-4517-BF60-9DBE76B0970E}.Debug|Any CPU.Build.0 = Debug|Any CPU
		{4373C631-2514-4517-BF60-9DBE76B0970E}.Release|Any CPU.ActiveCfg = Release|Any CPU
		{4373C631-2514-4517-BF60-9DBE76B0970E}.Release|Any CPU.Build.0 = Release|Any CPU
		{94DD057C-0044-44D0-B58C-3F97AB51B31F}.Debug|Any CPU.ActiveCfg = Debug|Any CPU
		{94DD057C-0044-44D0-B58C-3F97AB51B31F}.Debug|Any CPU.Build.0 = Debug|Any CPU
		{94DD057C-0044-44D0-B58C-3F97AB51B31F}.Release|Any CPU.ActiveCfg = Release|Any CPU
		{94DD057C-0044-44D0-B58C-3F97AB51B31F}.Release|Any CPU.Build.0 = Release|Any CPU
		{CC3F4DAF-F815-4EFA-AC1E-4BC6A5BB4659}.Debug|Any CPU.ActiveCfg = Debug|Any CPU
		{CC3F4DAF-F815-4EFA-AC1E-4BC6A5BB4659}.Debug|Any CPU.Build.0 = Debug|Any CPU
		{CC3F4DAF-F815-4EFA-AC1E-4BC6A5BB4659}.Release|Any CPU.ActiveCfg = Release|Any CPU
		{CC3F4DAF-F815-4EFA-AC1E-4BC6A5BB4659}.Release|Any CPU.Build.0 = Release|Any CPU
	EndGlobalSection
	GlobalSection(SolutionProperties) = preSolution
		HideSolutionNode = FALSE
	EndGlobalSection
	GlobalSection(NestedProjects) = preSolution
		{79C868BD-E53A-4E56-92C7-337731F22396} = {060E0ABF-3AC1-4F5A-962E-08342AE88DA6}
		{03556896-C386-4E18-B59D-C5358269F040} = {060E0ABF-3AC1-4F5A-962E-08342AE88DA6}
		{9322CA22-0CBD-4FA1-B5C4-FD168BE1408F} = {E58F9560-D256-4807-B4E3-390301768B97}
		{2E9004F5-25BE-45FF-AF25-E0E0ADCF46CE} = {E58F9560-D256-4807-B4E3-390301768B97}
		{4373C631-2514-4517-BF60-9DBE76B0970E} = {E58F9560-D256-4807-B4E3-390301768B97}
		{94DD057C-0044-44D0-B58C-3F97AB51B31F} = {F5555827-2867-4267-8273-E222FDC9C613}
		{CC3F4DAF-F815-4EFA-AC1E-4BC6A5BB4659} = {F5555827-2867-4267-8273-E222FDC9C613}
	EndGlobalSection
	GlobalSection(ExtensibilityGlobals) = postSolution
		SolutionGuid = {71DFEA34-8525-43B7-9AF2-158F5B4E0C0B}
	EndGlobalSection
EndGlobal
