
Microsoft Visual Studio Solution File, Format Version 12.00
# Visual Studio Version 17
VisualStudioVersion = 17.5.002.0
MinimumVisualStudioVersion = 10.0.40219.1
Project("{9A19103F-16F7-4668-BE54-9A1E7A4F7556}") = "fSymbols", "fSymbols\fSymbols.csproj", "{22FE0E53-CD40-4CA6-902B-220D4707E579}"
EndProject
Project("{FAE04EC0-301F-11D3-BF4B-00C04F79EFBC}") = "NumeroAleatorio", "NumeroAleatorio\NumeroAleatorio.csproj", "{4171EBC3-89D8-4713-8F2F-56B68F89C767}"
EndProject
Project("{FAE04EC0-301F-11D3-BF4B-00C04F79EFBC}") = "Bandas", "Bandas\Bandas.csproj", "{26DA505F-AF5B-4062-9136-2BD06AC38A2D}"
EndProject
Project("{FAE04EC0-301F-11D3-BF4B-00C04F79EFBC}") = "Herança", "Herança\Herança.csproj", "{80960DD4-1180-403E-B3C2-EF94BAA2335A}"
EndProject
Global
	GlobalSection(SolutionConfigurationPlatforms) = preSolution
		Debug|Any CPU = Debug|Any CPU
		Release|Any CPU = Release|Any CPU
	EndGlobalSection
	GlobalSection(ProjectConfigurationPlatforms) = postSolution
		{22FE0E53-CD40-4CA6-902B-220D4707E579}.Debug|Any CPU.ActiveCfg = Debug|Any CPU
		{22FE0E53-CD40-4CA6-902B-220D4707E579}.Debug|Any CPU.Build.0 = Debug|Any CPU
		{22FE0E53-CD40-4CA6-902B-220D4707E579}.Release|Any CPU.ActiveCfg = Release|Any CPU
		{22FE0E53-CD40-4CA6-902B-220D4707E579}.Release|Any CPU.Build.0 = Release|Any CPU
		{4171EBC3-89D8-4713-8F2F-56B68F89C767}.Debug|Any CPU.ActiveCfg = Debug|Any CPU
		{4171EBC3-89D8-4713-8F2F-56B68F89C767}.Debug|Any CPU.Build.0 = Debug|Any CPU
		{4171EBC3-89D8-4713-8F2F-56B68F89C767}.Release|Any CPU.ActiveCfg = Release|Any CPU
		{4171EBC3-89D8-4713-8F2F-56B68F89C767}.Release|Any CPU.Build.0 = Release|Any CPU
		{26DA505F-AF5B-4062-9136-2BD06AC38A2D}.Debug|Any CPU.ActiveCfg = Debug|Any CPU
		{26DA505F-AF5B-4062-9136-2BD06AC38A2D}.Debug|Any CPU.Build.0 = Debug|Any CPU
		{26DA505F-AF5B-4062-9136-2BD06AC38A2D}.Release|Any CPU.ActiveCfg = Release|Any CPU
		{26DA505F-AF5B-4062-9136-2BD06AC38A2D}.Release|Any CPU.Build.0 = Release|Any CPU
		{80960DD4-1180-403E-B3C2-EF94BAA2335A}.Debug|Any CPU.ActiveCfg = Debug|Any CPU
		{80960DD4-1180-403E-B3C2-EF94BAA2335A}.Debug|Any CPU.Build.0 = Debug|Any CPU
		{80960DD4-1180-403E-B3C2-EF94BAA2335A}.Release|Any CPU.ActiveCfg = Release|Any CPU
		{80960DD4-1180-403E-B3C2-EF94BAA2335A}.Release|Any CPU.Build.0 = Release|Any CPU
	EndGlobalSection
	GlobalSection(SolutionProperties) = preSolution
		HideSolutionNode = FALSE
	EndGlobalSection
	GlobalSection(ExtensibilityGlobals) = postSolution
		SolutionGuid = {1D5D56D4-4622-4AF5-9787-0410562809F4}
	EndGlobalSection
EndGlobal
